
Microsoft Visual Studio Solution File, Format Version 12.00
# Visual Studio Version 16
VisualStudioVersion = 16.0.30406.217
MinimumVisualStudioVersion = 10.0.40219.1
Project("{FAE04EC0-301F-11D3-BF4B-00C04F79EFBC}") = "AddMyDetail", "AddMyDetail\AddMyDetail.csproj", "{EE16CB30-BE77-48FF-8FF9-ABC883F20E47}"
EndProject
Project("{FAE04EC0-301F-11D3-BF4B-00C04F79EFBC}") = "Library.Models", "Library.Models\Library.Models.csproj", "{D656DFC3-C03F-4FFC-86E6-5FC5A2C3D6FC}"
EndProject
Global
	GlobalSection(SolutionConfigurationPlatforms) = preSolution
		Debug|Any CPU = Debug|Any CPU
		Release|Any CPU = Release|Any CPU
	EndGlobalSection
	GlobalSection(ProjectConfigurationPlatforms) = postSolution
		{EE16CB30-BE77-48FF-8FF9-ABC883F20E47}.Debug|Any CPU.ActiveCfg = Debug|Any CPU
		{EE16CB30-BE77-48FF-8FF9-ABC883F20E47}.Debug|Any CPU.Build.0 = Debug|Any CPU
		{EE16CB30-BE77-48FF-8FF9-ABC883F20E47}.Release|Any CPU.ActiveCfg = Release|Any CPU
		{EE16CB30-BE77-48FF-8FF9-ABC883F20E47}.Release|Any CPU.Build.0 = Release|Any CPU
		{D656DFC3-C03F-4FFC-86E6-5FC5A2C3D6FC}.Debug|Any CPU.ActiveCfg = Debug|Any CPU
		{D656DFC3-C03F-4FFC-86E6-5FC5A2C3D6FC}.Debug|Any CPU.Build.0 = Debug|Any CPU
		{D656DFC3-C03F-4FFC-86E6-5FC5A2C3D6FC}.Release|Any CPU.ActiveCfg = Release|Any CPU
		{D656DFC3-C03F-4FFC-86E6-5FC5A2C3D6FC}.Release|Any CPU.Build.0 = Release|Any CPU
	EndGlobalSection
	GlobalSection(SolutionProperties) = preSolution
		HideSolutionNode = FALSE
	EndGlobalSection
	GlobalSection(ExtensibilityGlobals) = postSolution
		SolutionGuid = {BC5CA279-3833-460D-9D62-8C8F4EFED68B}
	EndGlobalSection
EndGlobal
